
Microsoft Visual Studio Solution File, Format Version 12.00
# Visual Studio 14
VisualStudioVersion = 14.0.25420.1
MinimumVisualStudioVersion = 10.0.40219.1
Project("{2150E333-8FDC-42A3-9474-1A3956D46DE8}") = "src", "src", "{D4D21FF0-21E8-4327-93C1-3C2FEC780D57}"
EndProject
Project("{2150E333-8FDC-42A3-9474-1A3956D46DE8}") = "Solution Items", "Solution Items", "{1DEC798F-DD28-48ED-9572-071D15D28C60}"
	ProjectSection(SolutionItems) = preProject
		global.json = global.json
	EndProjectSection
EndProject
Project("{8BB2217D-0F2D-49D1-97BC-3654ED321F3B}") = "Booze", "src\Booze\Booze.xproj", "{62420064-4EF1-4972-9429-DEF6B3C703D4}"
EndProject
Global
	GlobalSection(SolutionConfigurationPlatforms) = preSolution
		Debug|Any CPU = Debug|Any CPU
		Release|Any CPU = Release|Any CPU
	EndGlobalSection
	GlobalSection(ProjectConfigurationPlatforms) = postSolution
		{62420064-4EF1-4972-9429-DEF6B3C703D4}.Debug|Any CPU.ActiveCfg = Debug|Any CPU
		{62420064-4EF1-4972-9429-DEF6B3C703D4}.Debug|Any CPU.Build.0 = Debug|Any CPU
		{62420064-4EF1-4972-9429-DEF6B3C703D4}.Release|Any CPU.ActiveCfg = Release|Any CPU
		{62420064-4EF1-4972-9429-DEF6B3C703D4}.Release|Any CPU.Build.0 = Release|Any CPU
	EndGlobalSection
	GlobalSection(SolutionProperties) = preSolution
		HideSolutionNode = FALSE
	EndGlobalSection
	GlobalSection(NestedProjects) = preSolution
		{62420064-4EF1-4972-9429-DEF6B3C703D4} = {D4D21FF0-21E8-4327-93C1-3C2FEC780D57}
	EndGlobalSection
EndGlobal
